# THIS IS AN AUTOGENERATED FILE. DO NOT EDIT THIS FILE DIRECTLY.
# yarn lockfile v1


"@angular/animations@^4.0.1":
  version "4.1.3"
  resolved "https://registry.yarnpkg.com/@angular/animations/-/animations-4.1.3.tgz#6e89a1e0fbfd6d0e90be4f2ae190aac67f83a411"

"@angular/common@^4.0.1":
  version "4.1.3"
  resolved "https://registry.yarnpkg.com/@angular/common/-/common-4.1.3.tgz#e7c4791e32131cf74c239428c2a67daab2eef017"

"@angular/compiler-cli@^4.0.1":
  version "4.1.3"
  resolved "https://registry.yarnpkg.com/@angular/compiler-cli/-/compiler-cli-4.1.3.tgz#c2362ffdf65756471481f839fab675bcac213f96"
  dependencies:
    "@angular/tsc-wrapped" "4.1.3"
    minimist "^1.2.0"
    reflect-metadata "^0.1.2"

"@angular/compiler@^4.0.1":
  version "4.1.3"
  resolved "https://registry.yarnpkg.com/@angular/compiler/-/compiler-4.1.3.tgz#d2dd30853b0cf4a54758b4a314632c231f9c94c3"

"@angular/core@^4.0.1":
  version "4.1.3"
  resolved "https://registry.yarnpkg.com/@angular/core/-/core-4.1.3.tgz#285498eb86ab7d0b6f982f8f9f487ef610013b35"

"@angular/forms@^4.0.1":
  version "4.1.3"
  resolved "https://registry.yarnpkg.com/@angular/forms/-/forms-4.1.3.tgz#380ab4c3af84c5d1d748c2a7d04151c7dc8e4982"

"@angular/http@^4.0.1":
  version "4.1.3"
  resolved "https://registry.yarnpkg.com/@angular/http/-/http-4.1.3.tgz#eb9d1c302a0172815f9a573310d9be0bdeb845ae"

"@angular/platform-browser-dynamic@^4.0.1":
  version "4.1.3"
  resolved "https://registry.yarnpkg.com/@angular/platform-browser-dynamic/-/platform-browser-dynamic-4.1.3.tgz#3c13fdcf591d487f6efdc1d46913f280c6d8c2ec"

"@angular/platform-browser@^4.0.1":
  version "4.1.3"
  resolved "https://registry.yarnpkg.com/@angular/platform-browser/-/platform-browser-4.1.3.tgz#4fa1db5119dd178b315ddae5b329bee1a932a5bd"

"@angular/platform-server@^4.0.1":
  version "4.1.3"
  resolved "https://registry.yarnpkg.com/@angular/platform-server/-/platform-server-4.1.3.tgz#bbfae42b15730357751da0e145d686f925a94431"
  dependencies:
    parse5 "^3.0.1"
    xhr2 "^0.1.4"

"@angular/router@^4.0.1":
  version "4.1.3"
  resolved "https://registry.yarnpkg.com/@angular/router/-/router-4.1.3.tgz#ddafd46ae7ccc8b1f74904ffb45f394e44625216"

"@angular/tsc-wrapped@4.1.3":
  version "4.1.3"
  resolved "https://registry.yarnpkg.com/@angular/tsc-wrapped/-/tsc-wrapped-4.1.3.tgz#2d6372c9187bf1621eacd960b94b39c4f95293cd"
  dependencies:
    tsickle "^0.21.0"

"@types/core-js@^0.9.41":
  version "0.9.41"
  resolved "https://registry.yarnpkg.com/@types/core-js/-/core-js-0.9.41.tgz#cfeceb63c2beaa29f882252c7c18e0e9471ff4e2"

"@types/node@^6.0.46":
  version "6.0.77"
  resolved "https://registry.yarnpkg.com/@types/node/-/node-6.0.77.tgz#3e4d569a427f17085e1ee4ecd3c31befb56af7b5"

"@types/node@^7.0.12":
  version "7.0.27"
  resolved "https://registry.yarnpkg.com/@types/node/-/node-7.0.27.tgz#ba5e1a87aca2b4f5817289615ffe56472927687e"

acorn@^4.0.1:
  version "4.0.13"
  resolved "https://registry.yarnpkg.com/acorn/-/acorn-4.0.13.tgz#105495ae5361d697bd195c825192e1ad7f253787"

align-text@^0.1.1, align-text@^0.1.3:
  version "0.1.4"
  resolved "https://registry.yarnpkg.com/align-text/-/align-text-0.1.4.tgz#0cd90a561093f35d0a99256c22b7069433fad117"
  dependencies:
    kind-of "^3.0.2"
    longest "^1.0.1"
    repeat-string "^1.5.2"

arr-diff@^2.0.0:
  version "2.0.0"
  resolved "https://registry.yarnpkg.com/arr-diff/-/arr-diff-2.0.0.tgz#8f3b827f955a8bd669697e4a4256ac3ceae356cf"
  dependencies:
    arr-flatten "^1.0.1"

arr-flatten@^1.0.1:
  version "1.0.3"
  resolved "https://registry.yarnpkg.com/arr-flatten/-/arr-flatten-1.0.3.tgz#a274ed85ac08849b6bd7847c4580745dc51adfb1"

array-unique@^0.2.1:
  version "0.2.1"
  resolved "https://registry.yarnpkg.com/array-unique/-/array-unique-0.2.1.tgz#a1d97ccafcbc2625cc70fadceb36a50c58b01a53"

balanced-match@^0.4.1:
  version "0.4.2"
  resolved "https://registry.yarnpkg.com/balanced-match/-/balanced-match-0.4.2.tgz#cb3f3e3c732dc0f01ee70b403f302e61d7709838"

brace-expansion@^1.1.7:
  version "1.1.7"
  resolved "https://registry.yarnpkg.com/brace-expansion/-/brace-expansion-1.1.7.tgz#3effc3c50e000531fb720eaff80f0ae8ef23cf59"
  dependencies:
    balanced-match "^0.4.1"
    concat-map "0.0.1"

braces@^1.8.2:
  version "1.8.5"
  resolved "https://registry.yarnpkg.com/braces/-/braces-1.8.5.tgz#ba77962e12dff969d6b76711e914b737857bf6a7"
  dependencies:
    expand-range "^1.8.1"
    preserve "^0.2.0"
    repeat-element "^1.1.2"

browser-resolve@^1.11.0:
  version "1.11.2"
  resolved "https://registry.yarnpkg.com/browser-resolve/-/browser-resolve-1.11.2.tgz#8ff09b0a2c421718a1051c260b32e48f442938ce"
  dependencies:
    resolve "1.1.7"

builtin-modules@^1.1.0:
  version "1.1.1"
  resolved "https://registry.yarnpkg.com/builtin-modules/-/builtin-modules-1.1.1.tgz#270f076c5a72c02f5b65a47df94c5fe3a278892f"

camelcase@^1.0.2:
  version "1.2.1"
  resolved "https://registry.yarnpkg.com/camelcase/-/camelcase-1.2.1.tgz#9bb5304d2e0b56698b2c758b08a3eaa9daa58a39"

center-align@^0.1.1:
  version "0.1.3"
  resolved "https://registry.yarnpkg.com/center-align/-/center-align-0.1.3.tgz#aa0d32629b6ee972200411cbd4461c907bc2b7ad"
  dependencies:
    align-text "^0.1.3"
    lazy-cache "^1.0.3"

cliui@^2.1.0:
  version "2.1.0"
  resolved "https://registry.yarnpkg.com/cliui/-/cliui-2.1.0.tgz#4b475760ff80264c762c3a1719032e91c7fea0d1"
  dependencies:
    center-align "^0.1.1"
    right-align "^0.1.1"
    wordwrap "0.0.2"

compare-versions@2.0.1:
  version "2.0.1"
  resolved "https://registry.yarnpkg.com/compare-versions/-/compare-versions-2.0.1.tgz#1edc1f93687fd97a325c59f55e45a07db106aca6"

concat-map@0.0.1:
  version "0.0.1"
  resolved "https://registry.yarnpkg.com/concat-map/-/concat-map-0.0.1.tgz#d8a96bd77fd68df7793a73036a3ba0d5405d477b"

decamelize@^1.0.0:
  version "1.2.0"
  resolved "https://registry.yarnpkg.com/decamelize/-/decamelize-1.2.0.tgz#f6534d15148269b20352e7bee26f501f9a191290"

estree-walker@^0.2.1:
  version "0.2.1"
  resolved "https://registry.yarnpkg.com/estree-walker/-/estree-walker-0.2.1.tgz#bdafe8095383d8414d5dc2ecf4c9173b6db9412e"

estree-walker@^0.3.0:
  version "0.3.1"
  resolved "https://registry.yarnpkg.com/estree-walker/-/estree-walker-0.3.1.tgz#e6b1a51cf7292524e7237c312e5fe6660c1ce1aa"

expand-brackets@^0.1.4:
  version "0.1.5"
  resolved "https://registry.yarnpkg.com/expand-brackets/-/expand-brackets-0.1.5.tgz#df07284e342a807cd733ac5af72411e581d1177b"
  dependencies:
    is-posix-bracket "^0.1.0"

expand-range@^1.8.1:
  version "1.8.2"
  resolved "https://registry.yarnpkg.com/expand-range/-/expand-range-1.8.2.tgz#a299effd335fe2721ebae8e257ec79644fc85337"
  dependencies:
    fill-range "^2.1.0"

extglob@^0.3.1:
  version "0.3.2"
  resolved "https://registry.yarnpkg.com/extglob/-/extglob-0.3.2.tgz#2e18ff3d2f49ab2765cec9023f011daa8d8349a1"
  dependencies:
    is-extglob "^1.0.0"

filename-regex@^2.0.0:
  version "2.0.1"
  resolved "https://registry.yarnpkg.com/filename-regex/-/filename-regex-2.0.1.tgz#c1c4b9bee3e09725ddb106b75c1e301fe2f18b26"

fill-range@^2.1.0:
  version "2.2.3"
  resolved "https://registry.yarnpkg.com/fill-range/-/fill-range-2.2.3.tgz#50b77dfd7e469bc7492470963699fe7a8485a723"
  dependencies:
    is-number "^2.1.0"
    isobject "^2.0.0"
    randomatic "^1.1.3"
    repeat-element "^1.1.2"
    repeat-string "^1.5.2"

for-in@^1.0.1:
  version "1.0.2"
  resolved "https://registry.yarnpkg.com/for-in/-/for-in-1.0.2.tgz#81068d295a8142ec0ac726c6e2200c30fb6d5e80"

for-own@^0.1.4:
  version "0.1.5"
  resolved "https://registry.yarnpkg.com/for-own/-/for-own-0.1.5.tgz#5265c681a4f294dabbf17c9509b6763aa84510ce"
  dependencies:
    for-in "^1.0.1"

glob-base@^0.3.0:
  version "0.3.0"
  resolved "https://registry.yarnpkg.com/glob-base/-/glob-base-0.3.0.tgz#dbb164f6221b1c0b1ccf82aea328b497df0ea3c4"
  dependencies:
    glob-parent "^2.0.0"
    is-glob "^2.0.0"

glob-parent@^2.0.0:
  version "2.0.0"
  resolved "https://registry.yarnpkg.com/glob-parent/-/glob-parent-2.0.0.tgz#81383d72db054fcccf5336daa902f182f6edbb28"
  dependencies:
    is-glob "^2.0.0"

is-buffer@^1.1.5:
  version "1.1.5"
  resolved "https://registry.yarnpkg.com/is-buffer/-/is-buffer-1.1.5.tgz#1f3b26ef613b214b88cbca23cc6c01d87961eecc"

is-dotfile@^1.0.0:
  version "1.0.3"
  resolved "https://registry.yarnpkg.com/is-dotfile/-/is-dotfile-1.0.3.tgz#a6a2f32ffd2dfb04f5ca25ecd0f6b83cf798a1e1"

is-equal-shallow@^0.1.3:
  version "0.1.3"
  resolved "https://registry.yarnpkg.com/is-equal-shallow/-/is-equal-shallow-0.1.3.tgz#2238098fc221de0bcfa5d9eac4c45d638aa1c534"
  dependencies:
    is-primitive "^2.0.0"

is-extendable@^0.1.1:
  version "0.1.1"
  resolved "https://registry.yarnpkg.com/is-extendable/-/is-extendable-0.1.1.tgz#62b110e289a471418e3ec36a617d472e301dfc89"

is-extglob@^1.0.0:
  version "1.0.0"
  resolved "https://registry.yarnpkg.com/is-extglob/-/is-extglob-1.0.0.tgz#ac468177c4943405a092fc8f29760c6ffc6206c0"

is-glob@^2.0.0, is-glob@^2.0.1:
  version "2.0.1"
  resolved "https://registry.yarnpkg.com/is-glob/-/is-glob-2.0.1.tgz#d096f926a3ded5600f3fdfd91198cb0888c2d863"
  dependencies:
    is-extglob "^1.0.0"

is-number@^2.0.2, is-number@^2.1.0:
  version "2.1.0"
  resolved "https://registry.yarnpkg.com/is-number/-/is-number-2.1.0.tgz#01fcbbb393463a548f2f466cce16dece49db908f"
  dependencies:
    kind-of "^3.0.2"

is-posix-bracket@^0.1.0:
  version "0.1.1"
  resolved "https://registry.yarnpkg.com/is-posix-bracket/-/is-posix-bracket-0.1.1.tgz#3334dc79774368e92f016e6fbc0a88f5cd6e6bc4"

is-primitive@^2.0.0:
  version "2.0.0"
  resolved "https://registry.yarnpkg.com/is-primitive/-/is-primitive-2.0.0.tgz#207bab91638499c07b2adf240a41a87210034575"

isarray@1.0.0:
  version "1.0.0"
  resolved "https://registry.yarnpkg.com/isarray/-/isarray-1.0.0.tgz#bb935d48582cba168c06834957a54a3e07124f11"

isobject@^2.0.0:
  version "2.1.0"
  resolved "https://registry.yarnpkg.com/isobject/-/isobject-2.1.0.tgz#f065561096a3f1da2ef46272f815c840d87e0c89"
  dependencies:
    isarray "1.0.0"

kind-of@^3.0.2:
  version "3.2.2"
  resolved "https://registry.yarnpkg.com/kind-of/-/kind-of-3.2.2.tgz#31ea21a734bab9bbb0f32466d893aea51e4a3c64"
  dependencies:
    is-buffer "^1.1.5"

lazy-cache@^1.0.3:
  version "1.0.4"
  resolved "https://registry.yarnpkg.com/lazy-cache/-/lazy-cache-1.0.4.tgz#a1d78fc3a50474cb80845d3b3b6e1da49a446e8e"

longest@^1.0.1:
  version "1.0.1"
  resolved "https://registry.yarnpkg.com/longest/-/longest-1.0.1.tgz#30a0b2da38f73770e8294a0d22e6625ed77d0097"

magic-string@^0.19.0:
  version "0.19.1"
  resolved "https://registry.yarnpkg.com/magic-string/-/magic-string-0.19.1.tgz#14d768013caf2ec8fdea16a49af82fc377e75201"
  dependencies:
    vlq "^0.2.1"

micromatch@^2.3.11:
  version "2.3.11"
  resolved "https://registry.yarnpkg.com/micromatch/-/micromatch-2.3.11.tgz#86677c97d1720b363431d04d0d15293bd38c1565"
  dependencies:
    arr-diff "^2.0.0"
    array-unique "^0.2.1"
    braces "^1.8.2"
    expand-brackets "^0.1.4"
    extglob "^0.3.1"
    filename-regex "^2.0.0"
    is-extglob "^1.0.0"
    is-glob "^2.0.1"
    kind-of "^3.0.2"
    normalize-path "^2.0.1"
    object.omit "^2.0.0"
    parse-glob "^3.0.4"
    regex-cache "^0.4.2"

minimatch@^3.0.2:
  version "3.0.4"
  resolved "https://registry.yarnpkg.com/minimatch/-/minimatch-3.0.4.tgz#5166e286457f03306064be5497e8dbb0c3d32083"
  dependencies:
    brace-expansion "^1.1.7"

minimist@0.0.8:
  version "0.0.8"
  resolved "https://registry.yarnpkg.com/minimist/-/minimist-0.0.8.tgz#857fcabfc3397d2625b8228262e86aa7a011b05d"

minimist@^1.2.0:
  version "1.2.0"
  resolved "https://registry.yarnpkg.com/minimist/-/minimist-1.2.0.tgz#a35008b20f41383eec1fb914f4cd5df79a264284"

mkdirp@^0.5.1:
  version "0.5.1"
  resolved "https://registry.yarnpkg.com/mkdirp/-/mkdirp-0.5.1.tgz#30057438eac6cf7f8c4767f38648d6697d75c903"
  dependencies:
    minimist "0.0.8"

ng2-img-cropper@^0.7.7:
  version "0.7.7"
  resolved "https://registry.yarnpkg.com/ng2-img-cropper/-/ng2-img-cropper-0.7.7.tgz#159b4f2d7d70472f5aced628280115700bf6b24f"

normalize-path@^2.0.1:
  version "2.1.1"
  resolved "https://registry.yarnpkg.com/normalize-path/-/normalize-path-2.1.1.tgz#1ab28b556e198363a8c1a6f7e6fa20137fe6aed9"
  dependencies:
    remove-trailing-separator "^1.0.1"

object-assign@^4.0.1:
  version "4.1.1"
  resolved "https://registry.yarnpkg.com/object-assign/-/object-assign-4.1.1.tgz#2109adc7965887cfc05cbbd442cac8bfbb360863"

object.omit@^2.0.0:
  version "2.0.1"
  resolved "https://registry.yarnpkg.com/object.omit/-/object.omit-2.0.1.tgz#1a9c744829f39dbb858c76ca3579ae2a54ebd1fa"
  dependencies:
    for-own "^0.1.4"
    is-extendable "^0.1.1"

parse-glob@^3.0.4:
  version "3.0.4"
  resolved "https://registry.yarnpkg.com/parse-glob/-/parse-glob-3.0.4.tgz#b2c376cfb11f35513badd173ef0bb6e3a388391c"
  dependencies:
    glob-base "^0.3.0"
    is-dotfile "^1.0.0"
    is-extglob "^1.0.0"
    is-glob "^2.0.0"

parse5@^3.0.1:
  version "3.0.2"
  resolved "https://registry.yarnpkg.com/parse5/-/parse5-3.0.2.tgz#05eff57f0ef4577fb144a79f8b9a967a6cc44510"
  dependencies:
    "@types/node" "^6.0.46"

path-parse@^1.0.5:
  version "1.0.5"
  resolved "https://registry.yarnpkg.com/path-parse/-/path-parse-1.0.5.tgz#3c1adf871ea9cd6c9431b6ea2bd74a0ff055c4c1"

preserve@^0.2.0:
  version "0.2.0"
  resolved "https://registry.yarnpkg.com/preserve/-/preserve-0.2.0.tgz#815ed1f6ebc65926f865b310c0713bcb3315ce4b"

randomatic@^1.1.3:
  version "1.1.6"
  resolved "https://registry.yarnpkg.com/randomatic/-/randomatic-1.1.6.tgz#110dcabff397e9dcff7c0789ccc0a49adf1ec5bb"
  dependencies:
    is-number "^2.0.2"
    kind-of "^3.0.2"

reflect-metadata@^0.1.2:
  version "0.1.10"
  resolved "https://registry.yarnpkg.com/reflect-metadata/-/reflect-metadata-0.1.10.tgz#b4f83704416acad89988c9b15635d47e03b9344a"

regex-cache@^0.4.2:
  version "0.4.3"
  resolved "https://registry.yarnpkg.com/regex-cache/-/regex-cache-0.4.3.tgz#9b1a6c35d4d0dfcef5711ae651e8e9d3d7114145"
  dependencies:
    is-equal-shallow "^0.1.3"
    is-primitive "^2.0.0"

remove-trailing-separator@^1.0.1:
  version "1.0.1"
  resolved "https://registry.yarnpkg.com/remove-trailing-separator/-/remove-trailing-separator-1.0.1.tgz#615ebb96af559552d4bf4057c8436d486ab63cc4"

repeat-element@^1.1.2:
  version "1.1.2"
  resolved "https://registry.yarnpkg.com/repeat-element/-/repeat-element-1.1.2.tgz#ef089a178d1483baae4d93eb98b4f9e4e11d990a"

repeat-string@^1.5.2:
  version "1.6.1"
  resolved "https://registry.yarnpkg.com/repeat-string/-/repeat-string-1.6.1.tgz#8dcae470e1c88abc2d600fff4a776286da75e637"

require-relative@0.8.7:
  version "0.8.7"
  resolved "https://registry.yarnpkg.com/require-relative/-/require-relative-0.8.7.tgz#7999539fc9e047a37928fa196f8e1563dabd36de"

resolve@1.1.7:
  version "1.1.7"
  resolved "https://registry.yarnpkg.com/resolve/-/resolve-1.1.7.tgz#203114d82ad2c5ed9e8e0411b3932875e889e97b"

resolve@^1.1.6, resolve@^1.1.7:
  version "1.3.3"
  resolved "https://registry.yarnpkg.com/resolve/-/resolve-1.3.3.tgz#655907c3469a8680dc2de3a275a8fdd69691f0e5"
  dependencies:
    path-parse "^1.0.5"

right-align@^0.1.1:
  version "0.1.3"
  resolved "https://registry.yarnpkg.com/right-align/-/right-align-0.1.3.tgz#61339b722fe6a3515689210d24e14c96148613ef"
  dependencies:
    align-text "^0.1.1"

rollup-plugin-commonjs@^7.0.0:
  version "7.1.0"
  resolved "https://registry.yarnpkg.com/rollup-plugin-commonjs/-/rollup-plugin-commonjs-7.1.0.tgz#c3a772c2e4a5fa13507f5c578b66cc13b0cb8a79"
  dependencies:
    acorn "^4.0.1"
    estree-walker "^0.3.0"
    magic-string "^0.19.0"
    resolve "^1.1.7"
    rollup-pluginutils "^2.0.1"

rollup-plugin-node-resolve@^2.0.0:
  version "2.1.1"
  resolved "https://registry.yarnpkg.com/rollup-plugin-node-resolve/-/rollup-plugin-node-resolve-2.1.1.tgz#cbb783b0d15b02794d58915350b2f0d902b8ddc8"
  dependencies:
    browser-resolve "^1.11.0"
    builtin-modules "^1.1.0"
    resolve "^1.1.6"

rollup-plugin-typescript@^0.8.1:
  version "0.8.1"
  resolved "https://registry.yarnpkg.com/rollup-plugin-typescript/-/rollup-plugin-typescript-0.8.1.tgz#2ff7eecc21cf6bb2b43fc27e5b688952ce71924a"
  dependencies:
    compare-versions "2.0.1"
    object-assign "^4.0.1"
    rollup-pluginutils "^1.3.1"
    tippex "^2.1.1"
    typescript "^1.8.9"

rollup-plugin-uglify@^1.0.1:
  version "1.0.2"
  resolved "https://registry.yarnpkg.com/rollup-plugin-uglify/-/rollup-plugin-uglify-1.0.2.tgz#d4aa6f5df13522eae1ba17780c7c4c7096038359"
  dependencies:
    uglify-js "^2.6.1"

rollup-pluginutils@^1.3.1:
  version "1.5.2"
  resolved "https://registry.yarnpkg.com/rollup-pluginutils/-/rollup-pluginutils-1.5.2.tgz#1e156e778f94b7255bfa1b3d0178be8f5c552408"
  dependencies:
    estree-walker "^0.2.1"
    minimatch "^3.0.2"

rollup-pluginutils@^2.0.1:
  version "2.0.1"
  resolved "https://registry.yarnpkg.com/rollup-pluginutils/-/rollup-pluginutils-2.0.1.tgz#7ec95b3573f6543a46a6461bd9a7c544525d0fc0"
  dependencies:
    estree-walker "^0.3.0"
    micromatch "^2.3.11"

rollup-watch@^3.2.2:
  version "3.2.2"
  resolved "https://registry.yarnpkg.com/rollup-watch/-/rollup-watch-3.2.2.tgz#5e574232e9ef36da9177f46946d8080cb267354b"
  dependencies:
    require-relative "0.8.7"

rollup@^0.41.4:
  version "0.41.6"
  resolved "https://registry.yarnpkg.com/rollup/-/rollup-0.41.6.tgz#e0d05497877a398c104d816d2733a718a7a94e2a"
  dependencies:
    source-map-support "^0.4.0"

rxjs@^5.0.3:
  version "5.4.0"
  resolved "https://registry.yarnpkg.com/rxjs/-/rxjs-5.4.0.tgz#a7db14ab157f9d7aac6a56e655e7a3860d39bf26"
  dependencies:
    symbol-observable "^1.0.1"

source-map-support@^0.4.0, source-map-support@^0.4.2:
  version "0.4.15"
  resolved "https://registry.yarnpkg.com/source-map-support/-/source-map-support-0.4.15.tgz#03202df65c06d2bd8c7ec2362a193056fef8d3b1"
  dependencies:
    source-map "^0.5.6"

source-map@^0.5.6, source-map@~0.5.1:
  version "0.5.6"
  resolved "https://registry.yarnpkg.com/source-map/-/source-map-0.5.6.tgz#75ce38f52bf0733c5a7f0c118d81334a2bb5f412"

symbol-observable@^1.0.1:
  version "1.0.4"
  resolved "https://registry.yarnpkg.com/symbol-observable/-/symbol-observable-1.0.4.tgz#29bf615d4aa7121bdd898b22d4b3f9bc4e2aa03d"

tippex@^2.1.1:
  version "2.3.1"
  resolved "https://registry.yarnpkg.com/tippex/-/tippex-2.3.1.tgz#a2fd5b7087d7cbfb20c9806a6c16108c2c0fafda"

tsickle@^0.21.0:
  version "0.21.6"
  resolved "https://registry.yarnpkg.com/tsickle/-/tsickle-0.21.6.tgz#53b01b979c5c13fdb13afb3fb958177e5991588d"
  dependencies:
    minimist "^1.2.0"
    mkdirp "^0.5.1"
    source-map "^0.5.6"
    source-map-support "^0.4.2"

typescript@^1.8.9:
  version "1.8.10"
  resolved "https://registry.yarnpkg.com/typescript/-/typescript-1.8.10.tgz#b475d6e0dff0bf50f296e5ca6ef9fbb5c7320f1e"

typescript@^2.1.5:
  version "2.3.4"
  resolved "https://registry.yarnpkg.com/typescript/-/typescript-2.3.4.tgz#3d38321828231e434f287514959c37a82b629f42"

uglify-js@^2.6.1:
  version "2.8.27"
  resolved "https://registry.yarnpkg.com/uglify-js/-/uglify-js-2.8.27.tgz#47787f912b0f242e5b984343be8e35e95f694c9c"
  dependencies:
    source-map "~0.5.1"
    yargs "~3.10.0"
  optionalDependencies:
    uglify-to-browserify "~1.0.0"

uglify-to-browserify@~1.0.0:
  version "1.0.2"
  resolved "https://registry.yarnpkg.com/uglify-to-browserify/-/uglify-to-browserify-1.0.2.tgz#6e0924d6bda6b5afe349e39a6d632850a0f882b7"

vlq@^0.2.1:
  version "0.2.2"
  resolved "https://registry.yarnpkg.com/vlq/-/vlq-0.2.2.tgz#e316d5257b40b86bb43cb8d5fea5d7f54d6b0ca1"

window-size@0.1.0:
  version "0.1.0"
  resolved "https://registry.yarnpkg.com/window-size/-/window-size-0.1.0.tgz#5438cd2ea93b202efa3a19fe8887aee7c94f9c9d"

wordwrap@0.0.2:
  version "0.0.2"
  resolved "https://registry.yarnpkg.com/wordwrap/-/wordwrap-0.0.2.tgz#b79669bb42ecb409f83d583cad52ca17eaa1643f"

xhr2@^0.1.4:
  version "0.1.4"
  resolved "https://registry.yarnpkg.com/xhr2/-/xhr2-0.1.4.tgz#7f87658847716db5026323812f818cadab387a5f"

yargs@~3.10.0:
  version "3.10.0"
  resolved "https://registry.yarnpkg.com/yargs/-/yargs-3.10.0.tgz#f7ee7bd857dd7c1d2d38c0e74efbd681d1431fd1"
  dependencies:
    camelcase "^1.0.2"
    cliui "^2.1.0"
    decamelize "^1.0.0"
    window-size "0.1.0"

zone.js@^0.7.6:
  version "0.7.8"
  resolved "https://registry.yarnpkg.com/zone.js/-/zone.js-0.7.8.tgz#4f3fe8834d44597f2639053a0fa438df34fffded"
